// !$*UTF8*$!
{
	archiveVersion = 1;
	classes = {
	};
	objectVersion = 56;
	objects = {

/* Begin PBXBuildFile section */
		AA000001000000000000001A /* DisasterRadioApp.swift in Sources */ = {isa = PBXBuildFile; fileRef = AA000001000000000000001B /* DisasterRadioApp.swift */; };
		AA000001000000000000002A /* ContentView.swift in Sources */ = {isa = PBXBuildFile; fileRef = AA000001000000000000002B /* ContentView.swift */; };
		AA000001000000000000003A /* ChatView.swift in Sources */ = {isa = PBXBuildFile; fileRef = AA000001000000000000003B /* ChatView.swift */; };
		AA000001000000000000004A /* ConnectionView.swift in Sources */ = {isa = PBXBuildFile; fileRef = AA000001000000000000004B /* ConnectionView.swift */; };
		AA000001000000000000005A /* NodeListView.swift in Sources */ = {isa = PBXBuildFile; fileRef = AA000001000000000000005B /* NodeListView.swift */; };
		AA000001000000000000006A /* SettingsView.swift in Sources */ = {isa = PBXBuildFile; fileRef = AA000001000000000000006B /* SettingsView.swift */; };
		AA000001000000000000007A /* AppState.swift in Sources */ = {isa = PBXBuildFile; fileRef = AA000001000000000000007B /* AppState.swift */; };
		AA000001000000000000008A /* DisasterTransport.swift in Sources */ = {isa = PBXBuildFile; fileRef = AA000001000000000000008B /* DisasterTransport.swift */; };
		AA000001000000000000009A /* BLETransport.swift in Sources */ = {isa = PBXBuildFile; fileRef = AA000001000000000000009B /* BLETransport.swift */; };
		AA00000100000000000000AA /* WebSocketTransport.swift in Sources */ = {isa = PBXBuildFile; fileRef = AA00000100000000000000AB /* WebSocketTransport.swift */; };
		AA00000100000000000000BA /* DisasterProtocol.swift in Sources */ = {isa = PBXBuildFile; fileRef = AA00000100000000000000BB /* DisasterProtocol.swift */; };
		AA00000100000000000000CA /* CryptoManager.swift in Sources */ = {isa = PBXBuildFile; fileRef = AA00000100000000000000CB /* CryptoManager.swift */; };
		AA00000100000000000000DA /* Assets.xcassets in Resources */ = {isa = PBXBuildFile; fileRef = AA00000100000000000000DB /* Assets.xcassets */; };
/* End PBXBuildFile section */

/* Begin PBXFileReference section */
		AA000001000000000000001B /* DisasterRadioApp.swift */ = {isa = PBXFileReference; lastKnownFileType = sourcecode.swift; path = DisasterRadioApp.swift; sourceTree = "<group>"; };
		AA000001000000000000002B /* ContentView.swift */ = {isa = PBXFileReference; lastKnownFileType = sourcecode.swift; path = ContentView.swift; sourceTree = "<group>"; };
		AA000001000000000000003B /* ChatView.swift */ = {isa = PBXFileReference; lastKnownFileType = sourcecode.swift; path = ChatView.swift; sourceTree = "<group>"; };
		AA000001000000000000004B /* ConnectionView.swift */ = {isa = PBXFileReference; lastKnownFileType = sourcecode.swift; path = ConnectionView.swift; sourceTree = "<group>"; };
		AA000001000000000000005B /* NodeListView.swift */ = {isa = PBXFileReference; lastKnownFileType = sourcecode.swift; path = NodeListView.swift; sourceTree = "<group>"; };
		AA000001000000000000006B /* SettingsView.swift */ = {isa = PBXFileReference; lastKnownFileType = sourcecode.swift; path = SettingsView.swift; sourceTree = "<group>"; };
		AA000001000000000000007B /* AppState.swift */ = {isa = PBXFileReference; lastKnownFileType = sourcecode.swift; path = AppState.swift; sourceTree = "<group>"; };
		AA000001000000000000008B /* DisasterTransport.swift */ = {isa = PBXFileReference; lastKnownFileType = sourcecode.swift; path = DisasterTransport.swift; sourceTree = "<group>"; };
		AA000001000000000000009B /* BLETransport.swift */ = {isa = PBXFileReference; lastKnownFileType = sourcecode.swift; path = BLETransport.swift; sourceTree = "<group>"; };
		AA00000100000000000000AB /* WebSocketTransport.swift */ = {isa = PBXFileReference; lastKnownFileType = sourcecode.swift; path = WebSocketTransport.swift; sourceTree = "<group>"; };
		AA00000100000000000000BB /* DisasterProtocol.swift */ = {isa = PBXFileReference; lastKnownFileType = sourcecode.swift; path = DisasterProtocol.swift; sourceTree = "<group>"; };
		AA00000100000000000000CB /* CryptoManager.swift */ = {isa = PBXFileReference; lastKnownFileType = sourcecode.swift; path = CryptoManager.swift; sourceTree = "<group>"; };
		AA00000100000000000000DB /* Assets.xcassets */ = {isa = PBXFileReference; lastKnownFileType = folder.assetcatalog; path = Assets.xcassets; sourceTree = "<group>"; };
		AA00000100000000000000EB /* Info.plist */ = {isa = PBXFileReference; lastKnownFileType = text.plist.xml; path = Info.plist; sourceTree = "<group>"; };
		AA00000100000000000000FB /* DisasterRadio.entitlements */ = {isa = PBXFileReference; lastKnownFileType = text.plist.entitlements; path = DisasterRadio.entitlements; sourceTree = "<group>"; };
		AA000001000000000000010B /* DisasterRadio.app */ = {isa = PBXFileReference; explicitFileType = wrapper.application; includeInIndex = 0; path = DisasterRadio.app; sourceTree = BUILT_PRODUCTS_DIR; };
/* End PBXFileReference section */

/* Begin PBXFrameworksBuildPhase section */
		AA000001000000000000020A /* Frameworks */ = {
			isa = PBXFrameworksBuildPhase;
			buildActionMask = 2147483647;
			files = (
			);
			runOnlyForDeploymentPostprocessing = 0;
		};
/* End PBXFrameworksBuildPhase section */

/* Begin PBXGroup section */
		AA000001000000000000030A /* Products */ = {
			isa = PBXGroup;
			children = (
				AA000001000000000000010B /* DisasterRadio.app */,
			);
			name = Products;
			sourceTree = "<group>";
		};
		AA000001000000000000031A /* Transport */ = {
			isa = PBXGroup;
			children = (
				AA000001000000000000008B /* DisasterTransport.swift */,
				AA000001000000000000009B /* BLETransport.swift */,
				AA00000100000000000000AB /* WebSocketTransport.swift */,
			);
			path = Transport;
			sourceTree = "<group>";
		};
		AA000001000000000000031B /* Protocol */ = {
			isa = PBXGroup;
			children = (
				AA00000100000000000000BB /* DisasterProtocol.swift */,
			);
			path = Protocol;
			sourceTree = "<group>";
		};
		AA000001000000000000031C /* Crypto */ = {
			isa = PBXGroup;
			children = (
				AA00000100000000000000CB /* CryptoManager.swift */,
			);
			path = Crypto;
			sourceTree = "<group>";
		};
		AA000001000000000000031D /* Model */ = {
			isa = PBXGroup;
			children = (
				AA000001000000000000007B /* AppState.swift */,
			);
			path = Model;
			sourceTree = "<group>";
		};
		AA000001000000000000031E /* Views */ = {
			isa = PBXGroup;
			children = (
				AA000001000000000000002B /* ContentView.swift */,
				AA000001000000000000003B /* ChatView.swift */,
				AA000001000000000000004B /* ConnectionView.swift */,
				AA000001000000000000005B /* NodeListView.swift */,
				AA000001000000000000006B /* SettingsView.swift */,
			);
			path = Views;
			sourceTree = "<group>";
		};
		AA000001000000000000032A /* Sources/DisasterRadio */ = {
			isa = PBXGroup;
			children = (
				AA000001000000000000001B /* DisasterRadioApp.swift */,
				AA000001000000000000031E /* Views */,
				AA000001000000000000031D /* Model */,
				AA000001000000000000031A /* Transport */,
				AA000001000000000000031B /* Protocol */,
				AA000001000000000000031C /* Crypto */,
				AA00000100000000000000DB /* Assets.xcassets */,
				AA00000100000000000000EB /* Info.plist */,
				AA00000100000000000000FB /* DisasterRadio.entitlements */,
			);
			path = Sources/DisasterRadio;
			sourceTree = "<group>";
		};
		AA000001000000000000033A = {
			isa = PBXGroup;
			children = (
				AA000001000000000000032A /* Sources/DisasterRadio */,
				AA000001000000000000030A /* Products */,
			);
			sourceTree = "<group>";
		};
/* End PBXGroup section */

/* Begin PBXNativeTarget section */
		AA000001000000000000040A /* DisasterRadio */ = {
			isa = PBXNativeTarget;
			buildConfigurationList = AA000001000000000000050A /* Build configuration list for PBXNativeTarget "DisasterRadio" */;
			buildPhases = (
				AA000001000000000000060A /* Sources */,
				AA000001000000000000020A /* Frameworks */,
				AA000001000000000000070A /* Resources */,
			);
			buildRules = (
			);
			dependencies = (
			);
			name = DisasterRadio;
			productName = DisasterRadio;
			productReference = AA000001000000000000010B /* DisasterRadio.app */;
			productType = "com.apple.product-type.application";
		};
/* End PBXNativeTarget section */

/* Begin PBXProject section */
		AA000001000000000000080A /* Project object */ = {
			isa = PBXProject;
			attributes = {
				BuildIndependentTargetsInParallel = 1;
				LastSwiftUpdateCheck = 1500;
				LastUpgradeCheck = 1500;
				TargetAttributes = {
					AA000001000000000000040A = {
						CreatedOnToolsVersion = 15.0;
					};
				};
			};
			buildConfigurationList = AA000001000000000000090A /* Build configuration list for PBXProject "DisasterRadio" */;
			compatibilityVersion = "Xcode 14.0";
			developmentRegion = en;
			hasScannedForEncodings = 0;
			knownRegions = (
				en,
				Base,
			);
			mainGroup = AA000001000000000000033A;
			productRefGroup = AA000001000000000000030A /* Products */;
			projectDirPath = "";
			projectRoot = "";
			targets = (
				AA000001000000000000040A /* DisasterRadio */,
			);
		};
/* End PBXProject section */

/* Begin PBXResourcesBuildPhase section */
		AA000001000000000000070A /* Resources */ = {
			isa = PBXResourcesBuildPhase;
			buildActionMask = 2147483647;
			files = (
				AA00000100000000000000DA /* Assets.xcassets in Resources */,
			);
			runOnlyForDeploymentPostprocessing = 0;
		};
/* End PBXResourcesBuildPhase section */

/* Begin PBXSourcesBuildPhase section */
		AA000001000000000000060A /* Sources */ = {
			isa = PBXSourcesBuildPhase;
			buildActionMask = 2147483647;
			files = (
				AA000001000000000000001A /* DisasterRadioApp.swift in Sources */,
				AA000001000000000000002A /* ContentView.swift in Sources */,
				AA000001000000000000003A /* ChatView.swift in Sources */,
				AA000001000000000000004A /* ConnectionView.swift in Sources */,
				AA000001000000000000005A /* NodeListView.swift in Sources */,
				AA000001000000000000006A /* SettingsView.swift in Sources */,
				AA000001000000000000007A /* AppState.swift in Sources */,
				AA000001000000000000008A /* DisasterTransport.swift in Sources */,
				AA000001000000000000009A /* BLETransport.swift in Sources */,
				AA00000100000000000000AA /* WebSocketTransport.swift in Sources */,
				AA00000100000000000000BA /* DisasterProtocol.swift in Sources */,
				AA00000100000000000000CA /* CryptoManager.swift in Sources */,
			);
			runOnlyForDeploymentPostprocessing = 0;
		};
/* End PBXSourcesBuildPhase section */

/* Begin XCBuildConfiguration section */
		AA000001000000000000051A /* Debug */ = {
			isa = XCBuildConfiguration;
			buildSettings = {
				ALWAYS_SEARCH_USER_PATHS = NO;
				ASSETCATALOG_COMPILER_APPICON_NAME = AppIcon;
				CLANG_ANALYZER_NONNULL = YES;
				CLANG_ANALYZER_NUMBER_OBJECT_CONVERSION = YES_AGGRESSIVE;
				CLANG_CXX_LANGUAGE_STANDARD = "gnu++20";
				CLANG_ENABLE_MODULES = YES;
				CLANG_ENABLE_OBJC_ARC = YES;
				CLANG_ENABLE_OBJC_WEAK = YES;
				CLANG_WARN_BLOCK_CAPTURE_AUTORELEASING = YES;
				CLANG_WARN_BOOL_CONVERSION = YES;
				CLANG_WARN_COMMA = YES;
				CLANG_WARN_CONSTANT_CONVERSION = YES;
				CLANG_WARN_DEPRECATED_OBJC_IMPLEMENTATIONS = YES;
				CLANG_WARN_DIRECT_OBJC_ISA_USAGE = YES_ERROR;
				CLANG_WARN_DOCUMENTATION_COMMENTS = YES;
				CLANG_WARN_EMPTY_BODY = YES;
				CLANG_WARN_ENUM_CONVERSION = YES;
				CLANG_WARN_INFINITE_RECURSION = YES;
				CLANG_WARN_INT_CONVERSION = YES;
				CLANG_WARN_NON_LITERAL_NULL_CONVERSION = YES;
				CLANG_WARN_OBJC_IMPLICIT_RETAIN_SELF = YES;
				CLANG_WARN_OBJC_LITERAL_CONVERSION = YES;
				CLANG_WARN_OBJC_ROOT_CLASS = YES_ERROR;
				CLANG_WARN_QUOTED_INCLUDE_IN_FRAMEWORK_HEADER = YES;
				CLANG_WARN_RANGE_LOOP_ANALYSIS = YES;
				CLANG_WARN_STRICT_PROTOTYPES = YES;
				CLANG_WARN_SUSPICIOUS_MOVE = YES;
				CLANG_WARN_UNGUARDED_AVAILABILITY = YES_AGGRESSIVE;
				CLANG_WARN_UNREACHABLE_CODE = YES;
				CLANG_WARN__DUPLICATE_METHOD_MATCH = YES;
				CODE_SIGN_STYLE = Automatic;
				COPY_PHASE_STRIP = NO;
				DEBUG_INFORMATION_FORMAT = dwarf;
				ENABLE_STRICT_OBJC_MSGSEND = YES;
				ENABLE_TESTABILITY = YES;
				GCC_C_LANGUAGE_STANDARD = gnu17;
				GCC_DYNAMIC_NO_PIC = NO;
				GCC_NO_COMMON_BLOCKS = YES;
				GCC_OPTIMIZATION_LEVEL = 0;
				GCC_PREPROCESSOR_DEFINITIONS = (
					"DEBUG=1",
					"$(inherited)",
				);
				GCC_WARN_64_TO_32_BIT_CONVERSION = YES;
				GCC_WARN_ABOUT_RETURN_TYPE = YES_ERROR;
				GCC_WARN_UNDECLARED_SELECTOR = YES;
				GCC_WARN_UNINITIALIZED_AUTOS = YES_AGGRESSIVE;
				GCC_WARN_UNUSED_FUNCTION = YES;
				GCC_WARN_UNUSED_VARIABLE = YES;
				IPHONEOS_DEPLOYMENT_TARGET = 16.0;
				MTL_ENABLE_DEBUG_INFO = INCLUDE_SOURCE;
				MTL_FAST_MATH = YES;
				ONLY_ACTIVE_ARCH = YES;
				SDKROOT = iphoneos;
				SWIFT_ACTIVE_COMPILATION_CONDITIONS = DEBUG;
				SWIFT_OPTIMIZATION_LEVEL = "-Onone";
			};
			name = Debug;
		};
		AA000001000000000000051B /* Release */ = {
			isa = XCBuildConfiguration;
			buildSettings = {
				ALWAYS_SEARCH_USER_PATHS = NO;
				ASSETCATALOG_COMPILER_APPICON_NAME = AppIcon;
				CLANG_ANALYZER_NONNULL = YES;
				CLANG_ANALYZER_NUMBER_OBJECT_CONVERSION = YES_AGGRESSIVE;
				CLANG_CXX_LANGUAGE_STANDARD = "gnu++20";
				CLANG_ENABLE_MODULES = YES;
				CLANG_ENABLE_OBJC_ARC = YES;
				CLANG_ENABLE_OBJC_WEAK = YES;
				CLANG_WARN_BLOCK_CAPTURE_AUTORELEASING = YES;
				CLANG_WARN_BOOL_CONVERSION = YES;
				CLANG_WARN_COMMA = YES;
				CLANG_WARN_CONSTANT_CONVERSION = YES;
				CLANG_WARN_DEPRECATED_OBJC_IMPLEMENTATIONS = YES;
				CLANG_WARN_DIRECT_OBJC_ISA_USAGE = YES_ERROR;
				CLANG_WARN_DOCUMENTATION_COMMENTS = YES;
				CLANG_WARN_EMPTY_BODY = YES;
				CLANG_WARN_ENUM_CONVERSION = YES;
				CLANG_WARN_INFINITE_RECURSION = YES;
				CLANG_WARN_INT_CONVERSION = YES;
				CLANG_WARN_NON_LITERAL_NULL_CONVERSION = YES;
				CLANG_WARN_OBJC_IMPLICIT_RETAIN_SELF = YES;
				CLANG_WARN_OBJC_LITERAL_CONVERSION = YES;
				CLANG_WARN_OBJC_ROOT_CLASS = YES_ERROR;
				CLANG_WARN_QUOTED_INCLUDE_IN_FRAMEWORK_HEADER = YES;
				CLANG_WARN_RANGE_LOOP_ANALYSIS = YES;
				CLANG_WARN_STRICT_PROTOTYPES = YES;
				CLANG_WARN_SUSPICIOUS_MOVE = YES;
				CLANG_WARN_UNGUARDED_AVAILABILITY = YES_AGGRESSIVE;
				CLANG_WARN_UNREACHABLE_CODE = YES;
				CLANG_WARN__DUPLICATE_METHOD_MATCH = YES;
				CODE_SIGN_STYLE = Automatic;
				COPY_PHASE_STRIP = NO;
				DEBUG_INFORMATION_FORMAT = "dwarf-with-dsym";
				ENABLE_NS_ASSERTIONS = NO;
				ENABLE_STRICT_OBJC_MSGSEND = YES;
				GCC_C_LANGUAGE_STANDARD = gnu17;
				GCC_NO_COMMON_BLOCKS = YES;
				GCC_WARN_64_TO_32_BIT_CONVERSION = YES;
				GCC_WARN_ABOUT_RETURN_TYPE = YES_ERROR;
				GCC_WARN_UNDECLARED_SELECTOR = YES;
				GCC_WARN_UNINITIALIZED_AUTOS = YES_AGGRESSIVE;
				GCC_WARN_UNUSED_FUNCTION = YES;
				GCC_WARN_UNUSED_VARIABLE = YES;
				IPHONEOS_DEPLOYMENT_TARGET = 16.0;
				MTL_FAST_MATH = YES;
				SDKROOT = iphoneos;
				SWIFT_COMPILATION_MODE = wholemodule;
				SWIFT_OPTIMIZATION_LEVEL = "-O";
				VALIDATE_PRODUCT = YES;
			};
			name = Release;
		};
		AA000001000000000000052A /* Debug */ = {
			isa = XCBuildConfiguration;
			buildSettings = {
				CODE_SIGN_ENTITLEMENTS = Sources/DisasterRadio/DisasterRadio.entitlements;
				CODE_SIGN_STYLE = Automatic;
				CURRENT_PROJECT_VERSION = 1;
				DEVELOPMENT_TEAM = 5EL2YAA4GG;
				GENERATE_INFOPLIST_FILE = NO;
				INFOPLIST_FILE = Sources/DisasterRadio/Info.plist;
				IPHONEOS_DEPLOYMENT_TARGET = 16.0;
				LD_RUNPATH_SEARCH_PATHS = (
					"$(inherited)",
					"@executable_path/Frameworks",
				);
				MARKETING_VERSION = 1.0;
				PRODUCT_BUNDLE_IDENTIFIER = com.sudoroom.DisasterRadio;
				PRODUCT_NAME = "$(TARGET_NAME)";
				SWIFT_EMIT_LOC_STRINGS = YES;
				SWIFT_VERSION = 5.0;
				TARGETED_DEVICE_FAMILY = 1;
			};
			name = Debug;
		};
		AA000001000000000000052B /* Release */ = {
			isa = XCBuildConfiguration;
			buildSettings = {
				CODE_SIGN_ENTITLEMENTS = Sources/DisasterRadio/DisasterRadio.entitlements;
				CODE_SIGN_STYLE = Automatic;
				CURRENT_PROJECT_VERSION = 1;
				DEVELOPMENT_TEAM = 5EL2YAA4GG;
				GENERATE_INFOPLIST_FILE = NO;
				INFOPLIST_FILE = Sources/DisasterRadio/Info.plist;
				IPHONEOS_DEPLOYMENT_TARGET = 16.0;
				LD_RUNPATH_SEARCH_PATHS = (
					"$(inherited)",
					"@executable_path/Frameworks",
				);
				MARKETING_VERSION = 1.0;
				PRODUCT_BUNDLE_IDENTIFIER = com.sudoroom.DisasterRadio;
				PRODUCT_NAME = "$(TARGET_NAME)";
				SWIFT_EMIT_LOC_STRINGS = YES;
				SWIFT_VERSION = 5.0;
				TARGETED_DEVICE_FAMILY = 1;
			};
			name = Release;
		};
/* End XCBuildConfiguration section */

/* Begin XCConfigurationList section */
		AA000001000000000000050A /* Build configuration list for PBXNativeTarget "DisasterRadio" */ = {
			isa = XCConfigurationList;
			buildConfigurations = (
				AA000001000000000000052A /* Debug */,
				AA000001000000000000052B /* Release */,
			);
			defaultConfigurationIsVisible = 0;
			defaultConfigurationName = Release;
		};
		AA000001000000000000090A /* Build configuration list for PBXProject "DisasterRadio" */ = {
			isa = XCConfigurationList;
			buildConfigurations = (
				AA000001000000000000051A /* Debug */,
				AA000001000000000000051B /* Release */,
			);
			defaultConfigurationIsVisible = 0;
			defaultConfigurationName = Release;
		};
/* End XCConfigurationList section */
	};
	rootObject = AA000001000000000000080A /* Project object */;
}
